{
    "_readme": [
        "This file locks the dependencies of your project to a known state",
        "Read more about it at https://getcomposer.org/doc/01-basic-usage.md#composer-lock-the-lock-file",
        "This file is @generated automatically"
    ],
    "content-hash": "eda1d76685d1515b9801a5cd10803e07",
    "packages": [
        {
            "name": "nikic/php-parser",
            "version": "v2.1.1",
            "source": {
                "type": "git",
                "url": "https://github.com/nikic/PHP-Parser.git",
                "reference": "4dd659edadffdc2143e4753df655d866dbfeedf0"
            },
            "dist": {
                "type": "zip",
                "url": "https://api.github.com/repos/nikic/PHP-Parser/zipball/4dd659edadffdc2143e4753df655d866dbfeedf0",
                "reference": "4dd659edadffdc2143e4753df655d866dbfeedf0",
                "shasum": ""
            },
            "require": {
                "ext-tokenizer": "*",
                "php": ">=5.4"
            },
            "require-dev": {
                "phpunit/phpunit": "~4.0"
            },
            "bin": [
                "bin/php-parse"
            ],
            "type": "library",
            "extra": {
                "branch-alias": {
                    "dev-master": "2.1-dev"
                }
            },
            "autoload": {
                "psr-4": {
                    "PhpParser\\": "lib/PhpParser"
                }
            },
            "notification-url": "https://packagist.org/downloads/",
            "license": [
                "BSD-3-Clause"
            ],
            "authors": [
                {
                    "name": "Nikita Popov"
                }
            ],
            "description": "A PHP parser written in PHP",
            "keywords": [
                "parser",
                "php"
            ],
            "time": "2016-09-16T12:04:44+00:00"
        },
        {
            "name": "phplang/phack",
            "version": "dev-master",
            "source": {
                "type": "git",
                "url": "https://github.com/phplang/phack.git",
                "reference": "61d79a117a49740b7a26ed385c6dc64b6d34ea20"
            },
            "dist": {
                "type": "zip",
                "url": "https://api.github.com/repos/phplang/phack/zipball/61d79a117a49740b7a26ed385c6dc64b6d34ea20",
                "reference": "61d79a117a49740b7a26ed385c6dc64b6d34ea20",
                "shasum": ""
            },
            "require": {
                "nikic/php-parser": "^2.0"
            },
            "require-dev": {
                "phpunit/phpunit": "*"
            },
            "bin": [
                "phack"
            ],
            "type": "library",
            "autoload": {
                "psr-4": {
                    "PhpLang\\Phack\\": "lib/"
                },
                "files": [
                    "lib/autoload.php"
                ]
            },
            "autoload-dev": {
                "psr-4": {
                    "PhpLang\\Phack\\Test\\": "tests/"
                }
            },
            "license": [
                "BSD"
            ],
            "authors": [
                {
                    "name": "Sara Golemon",
                    "email": "pollita@php.net",
                    "homepage": "https://twitter.com/SaraMG",
                    "role": "Developer"
                }
            ],
            "description": "HackLang parser for PHP",
            "homepage": "https://github.com/phplang/phack",
            "keywords": [
                "hacklang",
                "parser"
            ],
            "support": {
                "source": "https://github.com/phplang/phack/tree/master",
                "issues": "https://github.com/phplang/phack/issues"
            },
            "time": "2016-09-29T23:28:08+00:00"
        }
    ],
    "packages-dev": [],
    "aliases": [],
    "minimum-stability": "stable",
    "stability-flags": {
        "phplang/phack": 20
    },
    "prefer-stable": false,
    "prefer-lowest": false,
    "platform": [],
    "platform-dev": []
}
